PODS:
  - lottie-ios (3.1.9)
  - SDWebImage (5.10.0):
    - SDWebImage/Core (= 5.10.0)
  - SDWebImage/Core (5.10.0)
  - SnapKit (4.2.0)
  - SSPlayer (0.1.0)
  - SwiftyBeaver (1.9.3)
  - SwiftyTimer (2.1.0)
  - VideoClap (0.1.0):
    - lottie-ios
    - SDWebImage
    - SnapKit
    - SSPlayer
    - SwiftyBeaver
    - SwiftyTimer
    - VideoClap/AudioEffects (= 0.1.0)
    - VideoClap/Core (= 0.1.0)
    - VideoClap/CustomFilter (= 0.1.0)
    - VideoClap/Extension (= 0.1.0)
    - VideoClap/MetalLibs (= 0.1.0)
    - VideoClap/Model (= 0.1.0)
    - VideoClap/Protocol (= 0.1.0)
    - VideoClap/Trajectory (= 0.1.0)
    - VideoClap/Transition (= 0.1.0)
    - VideoClap/UI (= 0.1.0)
    - VideoClap/Utilities (= 0.1.0)
  - VideoClap/AudioEffects (0.1.0):
    - lottie-ios
    - SDWebImage
    - SnapKit
    - SSPlayer
    - SwiftyBeaver
    - SwiftyTimer
  - VideoClap/Core (0.1.0):
    - lottie-ios
    - SDWebImage
    - SnapKit
    - SSPlayer
    - SwiftyBeaver
    - SwiftyTimer
  - VideoClap/CustomFilter (0.1.0):
    - lottie-ios
    - SDWebImage
    - SnapKit
    - SSPlayer
    - SwiftyBeaver
    - SwiftyTimer
  - VideoClap/Extension (0.1.0):
    - lottie-ios
    - SDWebImage
    - SnapKit
    - SSPlayer
    - SwiftyBeaver
    - SwiftyTimer
  - VideoClap/MetalLibs (0.1.0):
    - lottie-ios
    - SDWebImage
    - SnapKit
    - SSPlayer
    - SwiftyBeaver
    - SwiftyTimer
  - VideoClap/Model (0.1.0):
    - lottie-ios
    - SDWebImage
    - SnapKit
    - SSPlayer
    - SwiftyBeaver
    - SwiftyTimer
    - VideoClap/Model/Tracks (= 0.1.0)
  - VideoClap/Model/Tracks (0.1.0):
    - lottie-ios
    - SDWebImage
    - SnapKit
    - SSPlayer
    - SwiftyBeaver
    - SwiftyTimer
  - VideoClap/Protocol (0.1.0):
    - lottie-ios
    - SDWebImage
    - SnapKit
    - SSPlayer
    - SwiftyBeaver
    - SwiftyTimer
  - VideoClap/Trajectory (0.1.0):
    - lottie-ios
    - SDWebImage
    - SnapKit
    - SSPlayer
    - SwiftyBeaver
    - SwiftyTimer
  - VideoClap/Transition (0.1.0):
    - lottie-ios
    - SDWebImage
    - SnapKit
    - SSPlayer
    - SwiftyBeaver
    - SwiftyTimer
  - VideoClap/UI (0.1.0):
    - lottie-ios
    - SDWebImage
    - SnapKit
    - SSPlayer
    - SwiftyBeaver
    - SwiftyTimer
  - VideoClap/Utilities (0.1.0):
    - lottie-ios
    - SDWebImage
    - SnapKit
    - SSPlayer
    - SwiftyBeaver
    - SwiftyTimer

DEPENDENCIES:
  - SnapKit (= 4.2.0)
  - SSPlayer (from `https://github.com/lai001/SSPlayer.git`)
  - SwiftyBeaver
  - VideoClap (from `../`)

SPEC REPOS:
  https://github.com/CocoaPods/Specs.git:
    - lottie-ios
    - SDWebImage
    - SnapKit
    - SwiftyBeaver
    - SwiftyTimer

EXTERNAL SOURCES:
  SSPlayer:
    :git: https://github.com/lai001/SSPlayer.git
  VideoClap:
    :path: "../"

CHECKOUT OPTIONS:
  SSPlayer:
    :commit: faf4f9c4696a3ee46a2e4860913f530a58630410
    :git: https://github.com/lai001/SSPlayer.git

SPEC CHECKSUMS:
  lottie-ios: 3a3758ef5a008e762faec9c9d50a39842f26d124
  SDWebImage: 9169792e9eec3e45bba2a0c02f74bf8bd922d1ee
  SnapKit: fe8a619752f3f27075cc9a90244d75c6c3f27e2a
  SSPlayer: 6299c67bde2d7a5f64292dccac0e6ddd45bfdd91
  SwiftyBeaver: 2e8acd6fc90c6d0a27055867a290794926d57c02
  SwiftyTimer: 02dd6cf10cbc71cbf67cec494f6e5eb782102543
  VideoClap: 8ac5f8d2b906cf8589a7aeb4b57c392df947c100

PODFILE CHECKSUM: 027e2717dbb0c8e7d2fdab52a20152fde90af79f

COCOAPODS: 1.10.0
