// !$*UTF8*$!
{
	archiveVersion = 1;
	classes = {
	};
	objectVersion = 46;
	objects = {

/* Begin PBXBuildFile section */
		2BFFF2E8C52CD256CBC889BD /* Pods_VideoClap_Example.framework in Frameworks */ = {isa = PBXBuildFile; fileRef = F37C55F6C6452329825B51C3 /* Pods_VideoClap_Example.framework */; };
		607FACD61AFB9204008FA782 /* AppDelegate.swift in Sources */ = {isa = PBXBuildFile; fileRef = 607FACD51AFB9204008FA782 /* AppDelegate.swift */; };
		607FACD81AFB9204008FA782 /* ViewController.swift in Sources */ = {isa = PBXBuildFile; fileRef = 607FACD71AFB9204008FA782 /* ViewController.swift */; };
		8A0D4E172585E2A100C08E7D /* TestTimeScaleView.swift in Sources */ = {isa = PBXBuildFile; fileRef = 8A0D4E162585E2A100C08E7D /* TestTimeScaleView.swift */; };
		8A138D692554D55B0088ECA8 /* LaunchScreen.xib in Resources */ = {isa = PBXBuildFile; fileRef = 8A138D5C2554D55B0088ECA8 /* LaunchScreen.xib */; };
		8A138D6A2554D55B0088ECA8 /* Main.storyboard in Resources */ = {isa = PBXBuildFile; fileRef = 8A138D5E2554D55B0088ECA8 /* Main.storyboard */; };
		8A138D6D2554D55B0088ECA8 /* Images.xcassets in Resources */ = {isa = PBXBuildFile; fileRef = 8A138D622554D55B0088ECA8 /* Images.xcassets */; };
		8A138D842554D7010088ECA8 /* Mat in Resources */ = {isa = PBXBuildFile; fileRef = 8A138D832554D7010088ECA8 /* Mat */; };
		8A31C81A25F77FB400467376 /* MetalImageViewController.swift in Sources */ = {isa = PBXBuildFile; fileRef = 8A31C81925F77FB400467376 /* MetalImageViewController.swift */; };
		8A8CE53B255176E0002E935C /* Util.swift in Sources */ = {isa = PBXBuildFile; fileRef = 8A8CE53A255176E0002E935C /* Util.swift */; };
		8A8D9FCC25E338040015113A /* MainViewController.swift in Sources */ = {isa = PBXBuildFile; fileRef = 8A8D9FCB25E338040015113A /* MainViewController.swift */; };
		8A8E217325FCDDB500C1C624 /* MetalOfflineRenderTestController.swift in Sources */ = {isa = PBXBuildFile; fileRef = 8A8E217225FCDDB500C1C624 /* MetalOfflineRenderTestController.swift */; };
		8A9AACA425E51DD20042F57E /* MetalViewController.swift in Sources */ = {isa = PBXBuildFile; fileRef = 8A9AACA325E51DD20042F57E /* MetalViewController.swift */; };
		8AAF3B1F258CB26600C0F790 /* TestTrackView.swift in Sources */ = {isa = PBXBuildFile; fileRef = 8AAF3B1E258CB26600C0F790 /* TestTrackView.swift */; };
		8AC694902551606A00CD1D6D /* TestWindow.swift in Sources */ = {isa = PBXBuildFile; fileRef = 8AC6948F2551606A00CD1D6D /* TestWindow.swift */; };
		8AE8760325EC8D89005526A1 /* TestTrackView2.swift in Sources */ = {isa = PBXBuildFile; fileRef = 8AE8760225EC8D89005526A1 /* TestTrackView2.swift */; };
		8AFBD3D025F89D8500E9F22D /* LottieToGif.swift in Sources */ = {isa = PBXBuildFile; fileRef = 8AFBD3CF25F89D8500E9F22D /* LottieToGif.swift */; };
/* End PBXBuildFile section */

/* Begin PBXFileReference section */
		5B74F379985A43497049F86A /* Pods-VideoClap_Example.release.xcconfig */ = {isa = PBXFileReference; includeInIndex = 1; lastKnownFileType = text.xcconfig; name = "Pods-VideoClap_Example.release.xcconfig"; path = "Target Support Files/Pods-VideoClap_Example/Pods-VideoClap_Example.release.xcconfig"; sourceTree = "<group>"; };
		5DFEB637C3EA7ED170D9B2C3 /* LICENSE */ = {isa = PBXFileReference; includeInIndex = 1; lastKnownFileType = text; name = LICENSE; path = ../LICENSE; sourceTree = "<group>"; };
		607FACD01AFB9204008FA782 /* VideoClap_Example.app */ = {isa = PBXFileReference; explicitFileType = wrapper.application; includeInIndex = 0; path = VideoClap_Example.app; sourceTree = BUILT_PRODUCTS_DIR; };
		607FACD51AFB9204008FA782 /* AppDelegate.swift */ = {isa = PBXFileReference; lastKnownFileType = sourcecode.swift; path = AppDelegate.swift; sourceTree = "<group>"; };
		607FACD71AFB9204008FA782 /* ViewController.swift */ = {isa = PBXFileReference; lastKnownFileType = sourcecode.swift; path = ViewController.swift; sourceTree = "<group>"; };
		63582D203B7662CDBC3A8E75 /* Pods-VideoClap_Example.debug.xcconfig */ = {isa = PBXFileReference; includeInIndex = 1; lastKnownFileType = text.xcconfig; name = "Pods-VideoClap_Example.debug.xcconfig"; path = "Target Support Files/Pods-VideoClap_Example/Pods-VideoClap_Example.debug.xcconfig"; sourceTree = "<group>"; };
		715BDF5ABDB427DCF1B874B9 /* VideoClap.podspec */ = {isa = PBXFileReference; includeInIndex = 1; lastKnownFileType = text; name = VideoClap.podspec; path = ../VideoClap.podspec; sourceTree = "<group>"; xcLanguageSpecificationIdentifier = xcode.lang.ruby; };
		8A0D4E162585E2A100C08E7D /* TestTimeScaleView.swift */ = {isa = PBXFileReference; lastKnownFileType = sourcecode.swift; path = TestTimeScaleView.swift; sourceTree = "<group>"; };
		8A138D5D2554D55B0088ECA8 /* Base */ = {isa = PBXFileReference; lastKnownFileType = file.xib; name = Base; path = Base.lproj/LaunchScreen.xib; sourceTree = "<group>"; };
		8A138D5F2554D55B0088ECA8 /* Base */ = {isa = PBXFileReference; lastKnownFileType = file.storyboard; name = Base; path = Base.lproj/Main.storyboard; sourceTree = "<group>"; };
		8A138D622554D55B0088ECA8 /* Images.xcassets */ = {isa = PBXFileReference; lastKnownFileType = folder.assetcatalog; path = Images.xcassets; sourceTree = "<group>"; };
		8A138D642554D55B0088ECA8 /* Info.plist */ = {isa = PBXFileReference; fileEncoding = 4; lastKnownFileType = text.plist.xml; path = Info.plist; sourceTree = "<group>"; };
		8A138D832554D7010088ECA8 /* Mat */ = {isa = PBXFileReference; lastKnownFileType = folder; name = Mat; path = ../../../Mat; sourceTree = "<group>"; };
		8A31C81925F77FB400467376 /* MetalImageViewController.swift */ = {isa = PBXFileReference; lastKnownFileType = sourcecode.swift; path = MetalImageViewController.swift; sourceTree = "<group>"; };
		8A8CE53A255176E0002E935C /* Util.swift */ = {isa = PBXFileReference; lastKnownFileType = sourcecode.swift; path = Util.swift; sourceTree = "<group>"; };
		8A8D9FCB25E338040015113A /* MainViewController.swift */ = {isa = PBXFileReference; lastKnownFileType = sourcecode.swift; path = MainViewController.swift; sourceTree = "<group>"; };
		8A8E217225FCDDB500C1C624 /* MetalOfflineRenderTestController.swift */ = {isa = PBXFileReference; lastKnownFileType = sourcecode.swift; path = MetalOfflineRenderTestController.swift; sourceTree = "<group>"; };
		8A9AACA325E51DD20042F57E /* MetalViewController.swift */ = {isa = PBXFileReference; lastKnownFileType = sourcecode.swift; path = MetalViewController.swift; sourceTree = "<group>"; };
		8AAF3B1E258CB26600C0F790 /* TestTrackView.swift */ = {isa = PBXFileReference; lastKnownFileType = sourcecode.swift; path = TestTrackView.swift; sourceTree = "<group>"; };
		8AC6948F2551606A00CD1D6D /* TestWindow.swift */ = {isa = PBXFileReference; fileEncoding = 4; lastKnownFileType = sourcecode.swift; path = TestWindow.swift; sourceTree = "<group>"; };
		8AE8760225EC8D89005526A1 /* TestTrackView2.swift */ = {isa = PBXFileReference; lastKnownFileType = sourcecode.swift; path = TestTrackView2.swift; sourceTree = "<group>"; };
		8AFBD3CF25F89D8500E9F22D /* LottieToGif.swift */ = {isa = PBXFileReference; lastKnownFileType = sourcecode.swift; path = LottieToGif.swift; sourceTree = "<group>"; };
		96E95A14EE0F218F43EEE3A2 /* README.md */ = {isa = PBXFileReference; includeInIndex = 1; lastKnownFileType = net.daringfireball.markdown; name = README.md; path = ../README.md; sourceTree = "<group>"; };
		F37C55F6C6452329825B51C3 /* Pods_VideoClap_Example.framework */ = {isa = PBXFileReference; explicitFileType = wrapper.framework; includeInIndex = 0; path = Pods_VideoClap_Example.framework; sourceTree = BUILT_PRODUCTS_DIR; };
/* End PBXFileReference section */

/* Begin PBXFrameworksBuildPhase section */
		607FACCD1AFB9204008FA782 /* Frameworks */ = {
			isa = PBXFrameworksBuildPhase;
			buildActionMask = 2147483647;
			files = (
				2BFFF2E8C52CD256CBC889BD /* Pods_VideoClap_Example.framework in Frameworks */,
			);
			runOnlyForDeploymentPostprocessing = 0;
		};
/* End PBXFrameworksBuildPhase section */

/* Begin PBXGroup section */
		607FACC71AFB9204008FA782 = {
			isa = PBXGroup;
			children = (
				607FACF51AFB993E008FA782 /* Podspec Metadata */,
				607FACD21AFB9204008FA782 /* Example for VideoClap */,
				607FACD11AFB9204008FA782 /* Products */,
				8DE93EECB9EA6F1BD4CA88D1 /* Pods */,
				69A641A3CE93FC5AEAABB922 /* Frameworks */,
			);
			sourceTree = "<group>";
		};
		607FACD11AFB9204008FA782 /* Products */ = {
			isa = PBXGroup;
			children = (
				607FACD01AFB9204008FA782 /* VideoClap_Example.app */,
			);
			name = Products;
			sourceTree = "<group>";
		};
		607FACD21AFB9204008FA782 /* Example for VideoClap */ = {
			isa = PBXGroup;
			children = (
				8A138D582554D55B0088ECA8 /* Resources */,
				607FACD51AFB9204008FA782 /* AppDelegate.swift */,
				8A8CE53A255176E0002E935C /* Util.swift */,
				8AC6948F2551606A00CD1D6D /* TestWindow.swift */,
				8A8D9FCB25E338040015113A /* MainViewController.swift */,
				607FACD71AFB9204008FA782 /* ViewController.swift */,
				8A0D4E162585E2A100C08E7D /* TestTimeScaleView.swift */,
				8AAF3B1E258CB26600C0F790 /* TestTrackView.swift */,
				8AE8760225EC8D89005526A1 /* TestTrackView2.swift */,
				8A9AACA325E51DD20042F57E /* MetalViewController.swift */,
				8A31C81925F77FB400467376 /* MetalImageViewController.swift */,
				8AFBD3CF25F89D8500E9F22D /* LottieToGif.swift */,
				8A8E217225FCDDB500C1C624 /* MetalOfflineRenderTestController.swift */,
			);
			name = "Example for VideoClap";
			path = VideoClap;
			sourceTree = "<group>";
		};
		607FACF51AFB993E008FA782 /* Podspec Metadata */ = {
			isa = PBXGroup;
			children = (
				715BDF5ABDB427DCF1B874B9 /* VideoClap.podspec */,
				96E95A14EE0F218F43EEE3A2 /* README.md */,
				5DFEB637C3EA7ED170D9B2C3 /* LICENSE */,
			);
			name = "Podspec Metadata";
			sourceTree = "<group>";
		};
		69A641A3CE93FC5AEAABB922 /* Frameworks */ = {
			isa = PBXGroup;
			children = (
				F37C55F6C6452329825B51C3 /* Pods_VideoClap_Example.framework */,
			);
			name = Frameworks;
			sourceTree = "<group>";
		};
		8A138D582554D55B0088ECA8 /* Resources */ = {
			isa = PBXGroup;
			children = (
				8A138D832554D7010088ECA8 /* Mat */,
				8A138D5C2554D55B0088ECA8 /* LaunchScreen.xib */,
				8A138D5E2554D55B0088ECA8 /* Main.storyboard */,
				8A138D622554D55B0088ECA8 /* Images.xcassets */,
				8A138D642554D55B0088ECA8 /* Info.plist */,
			);
			path = Resources;
			sourceTree = "<group>";
		};
		8DE93EECB9EA6F1BD4CA88D1 /* Pods */ = {
			isa = PBXGroup;
			children = (
				63582D203B7662CDBC3A8E75 /* Pods-VideoClap_Example.debug.xcconfig */,
				5B74F379985A43497049F86A /* Pods-VideoClap_Example.release.xcconfig */,
			);
			path = Pods;
			sourceTree = "<group>";
		};
/* End PBXGroup section */

/* Begin PBXNativeTarget section */
		607FACCF1AFB9204008FA782 /* VideoClap_Example */ = {
			isa = PBXNativeTarget;
			buildConfigurationList = 607FACEF1AFB9204008FA782 /* Build configuration list for PBXNativeTarget "VideoClap_Example" */;
			buildPhases = (
				5368D2F58EF8FB28764C572D /* [CP] Check Pods Manifest.lock */,
				607FACCC1AFB9204008FA782 /* Sources */,
				607FACCD1AFB9204008FA782 /* Frameworks */,
				607FACCE1AFB9204008FA782 /* Resources */,
				948115A94559E7221278AFA0 /* [CP] Embed Pods Frameworks */,
			);
			buildRules = (
			);
			dependencies = (
			);
			name = VideoClap_Example;
			productName = VideoClap;
			productReference = 607FACD01AFB9204008FA782 /* VideoClap_Example.app */;
			productType = "com.apple.product-type.application";
		};
/* End PBXNativeTarget section */

/* Begin PBXProject section */
		607FACC81AFB9204008FA782 /* Project object */ = {
			isa = PBXProject;
			attributes = {
				LastSwiftUpdateCheck = 0830;
				LastUpgradeCheck = 0830;
				ORGANIZATIONNAME = CocoaPods;
				TargetAttributes = {
					607FACCF1AFB9204008FA782 = {
						CreatedOnToolsVersion = 6.3.1;
						DevelopmentTeam = Q9SCFYBQN5;
						LastSwiftMigration = 0900;
						ProvisioningStyle = Automatic;
					};
				};
			};
			buildConfigurationList = 607FACCB1AFB9204008FA782 /* Build configuration list for PBXProject "VideoClap" */;
			compatibilityVersion = "Xcode 3.2";
			developmentRegion = English;
			hasScannedForEncodings = 0;
			knownRegions = (
				English,
				en,
				Base,
			);
			mainGroup = 607FACC71AFB9204008FA782;
			productRefGroup = 607FACD11AFB9204008FA782 /* Products */;
			projectDirPath = "";
			projectRoot = "";
			targets = (
				607FACCF1AFB9204008FA782 /* VideoClap_Example */,
			);
		};
/* End PBXProject section */

/* Begin PBXResourcesBuildPhase section */
		607FACCE1AFB9204008FA782 /* Resources */ = {
			isa = PBXResourcesBuildPhase;
			buildActionMask = 2147483647;
			files = (
				8A138D692554D55B0088ECA8 /* LaunchScreen.xib in Resources */,
				8A138D842554D7010088ECA8 /* Mat in Resources */,
				8A138D6D2554D55B0088ECA8 /* Images.xcassets in Resources */,
				8A138D6A2554D55B0088ECA8 /* Main.storyboard in Resources */,
			);
			runOnlyForDeploymentPostprocessing = 0;
		};
/* End PBXResourcesBuildPhase section */

/* Begin PBXShellScriptBuildPhase section */
		5368D2F58EF8FB28764C572D /* [CP] Check Pods Manifest.lock */ = {
			isa = PBXShellScriptBuildPhase;
			buildActionMask = 2147483647;
			files = (
			);
			inputFileListPaths = (
			);
			inputPaths = (
				"${PODS_PODFILE_DIR_PATH}/Podfile.lock",
				"${PODS_ROOT}/Manifest.lock",
			);
			name = "[CP] Check Pods Manifest.lock";
			outputFileListPaths = (
			);
			outputPaths = (
				"$(DERIVED_FILE_DIR)/Pods-VideoClap_Example-checkManifestLockResult.txt",
			);
			runOnlyForDeploymentPostprocessing = 0;
			shellPath = /bin/sh;
			shellScript = "diff \"${PODS_PODFILE_DIR_PATH}/Podfile.lock\" \"${PODS_ROOT}/Manifest.lock\" > /dev/null\nif [ $? != 0 ] ; then\n    # print error to STDERR\n    echo \"error: The sandbox is not in sync with the Podfile.lock. Run 'pod install' or update your CocoaPods installation.\" >&2\n    exit 1\nfi\n# This output is used by Xcode 'outputs' to avoid re-running this script phase.\necho \"SUCCESS\" > \"${SCRIPT_OUTPUT_FILE_0}\"\n";
			showEnvVarsInLog = 0;
		};
		948115A94559E7221278AFA0 /* [CP] Embed Pods Frameworks */ = {
			isa = PBXShellScriptBuildPhase;
			buildActionMask = 2147483647;
			files = (
			);
			inputPaths = (
				"${PODS_ROOT}/Target Support Files/Pods-VideoClap_Example/Pods-VideoClap_Example-frameworks.sh",
				"${BUILT_PRODUCTS_DIR}/FLAnimatedImage/FLAnimatedImage.framework",
				"${BUILT_PRODUCTS_DIR}/SDWebImage/SDWebImage.framework",
				"${BUILT_PRODUCTS_DIR}/SSPlayer/SSPlayer.framework",
				"${BUILT_PRODUCTS_DIR}/SnapKit/SnapKit.framework",
				"${BUILT_PRODUCTS_DIR}/SwiftyBeaver/SwiftyBeaver.framework",
				"${BUILT_PRODUCTS_DIR}/SwiftyTimer/SwiftyTimer.framework",
				"${BUILT_PRODUCTS_DIR}/VideoClap/VideoClap.framework",
				"${BUILT_PRODUCTS_DIR}/lottie-ios/Lottie.framework",
			);
			name = "[CP] Embed Pods Frameworks";
			outputPaths = (
				"${TARGET_BUILD_DIR}/${FRAMEWORKS_FOLDER_PATH}/FLAnimatedImage.framework",
				"${TARGET_BUILD_DIR}/${FRAMEWORKS_FOLDER_PATH}/SDWebImage.framework",
				"${TARGET_BUILD_DIR}/${FRAMEWORKS_FOLDER_PATH}/SSPlayer.framework",
				"${TARGET_BUILD_DIR}/${FRAMEWORKS_FOLDER_PATH}/SnapKit.framework",
				"${TARGET_BUILD_DIR}/${FRAMEWORKS_FOLDER_PATH}/SwiftyBeaver.framework",
				"${TARGET_BUILD_DIR}/${FRAMEWORKS_FOLDER_PATH}/SwiftyTimer.framework",
				"${TARGET_BUILD_DIR}/${FRAMEWORKS_FOLDER_PATH}/VideoClap.framework",
				"${TARGET_BUILD_DIR}/${FRAMEWORKS_FOLDER_PATH}/Lottie.framework",
			);
			runOnlyForDeploymentPostprocessing = 0;
			shellPath = /bin/sh;
			shellScript = "\"${PODS_ROOT}/Target Support Files/Pods-VideoClap_Example/Pods-VideoClap_Example-frameworks.sh\"\n";
			showEnvVarsInLog = 0;
		};
/* End PBXShellScriptBuildPhase section */

/* Begin PBXSourcesBuildPhase section */
		607FACCC1AFB9204008FA782 /* Sources */ = {
			isa = PBXSourcesBuildPhase;
			buildActionMask = 2147483647;
			files = (
				8A8D9FCC25E338040015113A /* MainViewController.swift in Sources */,
				8AAF3B1F258CB26600C0F790 /* TestTrackView.swift in Sources */,
				8AFBD3D025F89D8500E9F22D /* LottieToGif.swift in Sources */,
				607FACD81AFB9204008FA782 /* ViewController.swift in Sources */,
				607FACD61AFB9204008FA782 /* AppDelegate.swift in Sources */,
				8AC694902551606A00CD1D6D /* TestWindow.swift in Sources */,
				8A0D4E172585E2A100C08E7D /* TestTimeScaleView.swift in Sources */,
				8A9AACA425E51DD20042F57E /* MetalViewController.swift in Sources */,
				8AE8760325EC8D89005526A1 /* TestTrackView2.swift in Sources */,
				8A8E217325FCDDB500C1C624 /* MetalOfflineRenderTestController.swift in Sources */,
				8A31C81A25F77FB400467376 /* MetalImageViewController.swift in Sources */,
				8A8CE53B255176E0002E935C /* Util.swift in Sources */,
			);
			runOnlyForDeploymentPostprocessing = 0;
		};
/* End PBXSourcesBuildPhase section */

/* Begin PBXVariantGroup section */
		8A138D5C2554D55B0088ECA8 /* LaunchScreen.xib */ = {
			isa = PBXVariantGroup;
			children = (
				8A138D5D2554D55B0088ECA8 /* Base */,
			);
			name = LaunchScreen.xib;
			sourceTree = "<group>";
		};
		8A138D5E2554D55B0088ECA8 /* Main.storyboard */ = {
			isa = PBXVariantGroup;
			children = (
				8A138D5F2554D55B0088ECA8 /* Base */,
			);
			name = Main.storyboard;
			sourceTree = "<group>";
		};
/* End PBXVariantGroup section */

/* Begin XCBuildConfiguration section */
		607FACED1AFB9204008FA782 /* Debug */ = {
			isa = XCBuildConfiguration;
			buildSettings = {
				ALWAYS_SEARCH_USER_PATHS = NO;
				CLANG_CXX_LANGUAGE_STANDARD = "gnu++0x";
				CLANG_CXX_LIBRARY = "libc++";
				CLANG_ENABLE_MODULES = YES;
				CLANG_ENABLE_OBJC_ARC = YES;
				CLANG_WARN_BLOCK_CAPTURE_AUTORELEASING = YES;
				CLANG_WARN_BOOL_CONVERSION = YES;
				CLANG_WARN_COMMA = YES;
				CLANG_WARN_CONSTANT_CONVERSION = YES;
				CLANG_WARN_DIRECT_OBJC_ISA_USAGE = YES_ERROR;
				CLANG_WARN_EMPTY_BODY = YES;
				CLANG_WARN_ENUM_CONVERSION = YES;
				CLANG_WARN_INFINITE_RECURSION = YES;
				CLANG_WARN_INT_CONVERSION = YES;
				CLANG_WARN_NON_LITERAL_NULL_CONVERSION = YES;
				CLANG_WARN_OBJC_LITERAL_CONVERSION = YES;
				CLANG_WARN_OBJC_ROOT_CLASS = YES_ERROR;
				CLANG_WARN_RANGE_LOOP_ANALYSIS = YES;
				CLANG_WARN_STRICT_PROTOTYPES = YES;
				CLANG_WARN_SUSPICIOUS_MOVE = YES;
				CLANG_WARN_UNREACHABLE_CODE = YES;
				CLANG_WARN__DUPLICATE_METHOD_MATCH = YES;
				"CODE_SIGN_IDENTITY[sdk=iphoneos*]" = "iPhone Developer";
				COPY_PHASE_STRIP = NO;
				DEBUG_INFORMATION_FORMAT = "dwarf-with-dsym";
				ENABLE_STRICT_OBJC_MSGSEND = YES;
				ENABLE_TESTABILITY = YES;
				GCC_C_LANGUAGE_STANDARD = gnu99;
				GCC_DYNAMIC_NO_PIC = NO;
				GCC_NO_COMMON_BLOCKS = YES;
				GCC_OPTIMIZATION_LEVEL = 0;
				GCC_PREPROCESSOR_DEFINITIONS = (
					"DEBUG=1",
					"$(inherited)",
				);
				GCC_SYMBOLS_PRIVATE_EXTERN = NO;
				GCC_WARN_64_TO_32_BIT_CONVERSION = YES;
				GCC_WARN_ABOUT_RETURN_TYPE = YES_ERROR;
				GCC_WARN_UNDECLARED_SELECTOR = YES;
				GCC_WARN_UNINITIALIZED_AUTOS = YES_AGGRESSIVE;
				GCC_WARN_UNUSED_FUNCTION = YES;
				GCC_WARN_UNUSED_VARIABLE = YES;
				IPHONEOS_DEPLOYMENT_TARGET = 9.3;
				MTL_ENABLE_DEBUG_INFO = YES;
				ONLY_ACTIVE_ARCH = YES;
				SDKROOT = iphoneos;
				SWIFT_OPTIMIZATION_LEVEL = "-Onone";
			};
			name = Debug;
		};
		607FACEE1AFB9204008FA782 /* Release */ = {
			isa = XCBuildConfiguration;
			buildSettings = {
				ALWAYS_SEARCH_USER_PATHS = NO;
				CLANG_CXX_LANGUAGE_STANDARD = "gnu++0x";
				CLANG_CXX_LIBRARY = "libc++";
				CLANG_ENABLE_MODULES = YES;
				CLANG_ENABLE_OBJC_ARC = YES;
				CLANG_WARN_BLOCK_CAPTURE_AUTORELEASING = YES;
				CLANG_WARN_BOOL_CONVERSION = YES;
				CLANG_WARN_COMMA = YES;
				CLANG_WARN_CONSTANT_CONVERSION = YES;
				CLANG_WARN_DIRECT_OBJC_ISA_USAGE = YES_ERROR;
				CLANG_WARN_EMPTY_BODY = YES;
				CLANG_WARN_ENUM_CONVERSION = YES;
				CLANG_WARN_INFINITE_RECURSION = YES;
				CLANG_WARN_INT_CONVERSION = YES;
				CLANG_WARN_NON_LITERAL_NULL_CONVERSION = YES;
				CLANG_WARN_OBJC_LITERAL_CONVERSION = YES;
				CLANG_WARN_OBJC_ROOT_CLASS = YES_ERROR;
				CLANG_WARN_RANGE_LOOP_ANALYSIS = YES;
				CLANG_WARN_STRICT_PROTOTYPES = YES;
				CLANG_WARN_SUSPICIOUS_MOVE = YES;
				CLANG_WARN_UNREACHABLE_CODE = YES;
				CLANG_WARN__DUPLICATE_METHOD_MATCH = YES;
				"CODE_SIGN_IDENTITY[sdk=iphoneos*]" = "iPhone Developer";
				COPY_PHASE_STRIP = NO;
				DEBUG_INFORMATION_FORMAT = "dwarf-with-dsym";
				ENABLE_NS_ASSERTIONS = NO;
				ENABLE_STRICT_OBJC_MSGSEND = YES;
				GCC_C_LANGUAGE_STANDARD = gnu99;
				GCC_NO_COMMON_BLOCKS = YES;
				GCC_WARN_64_TO_32_BIT_CONVERSION = YES;
				GCC_WARN_ABOUT_RETURN_TYPE = YES_ERROR;
				GCC_WARN_UNDECLARED_SELECTOR = YES;
				GCC_WARN_UNINITIALIZED_AUTOS = YES_AGGRESSIVE;
				GCC_WARN_UNUSED_FUNCTION = YES;
				GCC_WARN_UNUSED_VARIABLE = YES;
				IPHONEOS_DEPLOYMENT_TARGET = 9.3;
				MTL_ENABLE_DEBUG_INFO = NO;
				SDKROOT = iphoneos;
				SWIFT_OPTIMIZATION_LEVEL = "-Owholemodule";
				VALIDATE_PRODUCT = YES;
			};
			name = Release;
		};
		607FACF01AFB9204008FA782 /* Debug */ = {
			isa = XCBuildConfiguration;
			baseConfigurationReference = 63582D203B7662CDBC3A8E75 /* Pods-VideoClap_Example.debug.xcconfig */;
			buildSettings = {
				ASSETCATALOG_COMPILER_APPICON_NAME = AppIcon;
				CODE_SIGN_IDENTITY = "Apple Development";
				CODE_SIGN_STYLE = Automatic;
				DEVELOPMENT_TEAM = Q9SCFYBQN5;
				INFOPLIST_FILE = VideoClap/Resources/Info.plist;
				IPHONEOS_DEPLOYMENT_TARGET = 9.0;
				LD_RUNPATH_SEARCH_PATHS = "$(inherited) @executable_path/Frameworks";
				MODULE_NAME = ExampleApp;
				MTLLINKER_FLAGS = "-cikernel";
				MTL_COMPILER_FLAGS = "-fcikernel";
				PRODUCT_BUNDLE_IDENTIFIER = com.lai.1;
				PRODUCT_NAME = "$(TARGET_NAME)";
				PROVISIONING_PROFILE_SPECIFIER = "";
				SWIFT_SWIFT3_OBJC_INFERENCE = Default;
				SWIFT_VERSION = 5.0;
				TARGETED_DEVICE_FAMILY = "1,2";
			};
			name = Debug;
		};
		607FACF11AFB9204008FA782 /* Release */ = {
			isa = XCBuildConfiguration;
			baseConfigurationReference = 5B74F379985A43497049F86A /* Pods-VideoClap_Example.release.xcconfig */;
			buildSettings = {
				ASSETCATALOG_COMPILER_APPICON_NAME = AppIcon;
				CODE_SIGN_IDENTITY = "Apple Development";
				CODE_SIGN_STYLE = Automatic;
				DEVELOPMENT_TEAM = Q9SCFYBQN5;
				INFOPLIST_FILE = VideoClap/Resources/Info.plist;
				IPHONEOS_DEPLOYMENT_TARGET = 9.0;
				LD_RUNPATH_SEARCH_PATHS = "$(inherited) @executable_path/Frameworks";
				MODULE_NAME = ExampleApp;
				MTLLINKER_FLAGS = "-cikernel";
				MTL_COMPILER_FLAGS = "-fcikernel";
				PRODUCT_BUNDLE_IDENTIFIER = com.lai.1;
				PRODUCT_NAME = "$(TARGET_NAME)";
				PROVISIONING_PROFILE_SPECIFIER = "";
				SWIFT_SWIFT3_OBJC_INFERENCE = Default;
				SWIFT_VERSION = 5.0;
				TARGETED_DEVICE_FAMILY = "1,2";
			};
			name = Release;
		};
/* End XCBuildConfiguration section */

/* Begin XCConfigurationList section */
		607FACCB1AFB9204008FA782 /* Build configuration list for PBXProject "VideoClap" */ = {
			isa = XCConfigurationList;
			buildConfigurations = (
				607FACED1AFB9204008FA782 /* Debug */,
				607FACEE1AFB9204008FA782 /* Release */,
			);
			defaultConfigurationIsVisible = 0;
			defaultConfigurationName = Release;
		};
		607FACEF1AFB9204008FA782 /* Build configuration list for PBXNativeTarget "VideoClap_Example" */ = {
			isa = XCConfigurationList;
			buildConfigurations = (
				607FACF01AFB9204008FA782 /* Debug */,
				607FACF11AFB9204008FA782 /* Release */,
			);
			defaultConfigurationIsVisible = 0;
			defaultConfigurationName = Release;
		};
/* End XCConfigurationList section */
	};
	rootObject = 607FACC81AFB9204008FA782 /* Project object */;
}
